github.com/aws/aws-sdk-go-v2 v1.41.3 h1:4kQ/fa22KjDt13QCy1+bYADvdgcxpfH18f0zP542kZA=
github.com/aws/aws-sdk-go-v2 v1.41.3/go.mod h1:mwsPRE8ceUUpiTgF7QmQIJ7lgsKUPQOUl3o72QBrE1o=
github.com/aws/aws-sdk-go-v2/aws/protocol/eventstream v1.7.6 h1:N4lRUXZpZ1KVEUn6hxtco/1d2lgYhNn1fHkkl8WhlyQ=
github.com/aws/aws-sdk-go-v2/aws/protocol/eventstream v1.7.6/go.mod h1:lyw7GFp3qENLh7kwzf7iMzAxDn+NzjXEAGjKS2UOKqI=
github.com/aws/aws-sdk-go-v2/credentials v1.19.11 h1:NdV8cwCcAXrCWyxArt58BrvZJ9pZ9Fhf9w6Uh5W3Uyc=
github.com/aws/aws-sdk-go-v2/credentials v1.19.11/go.mod h1:30yY2zqkMPdrvxBqzI9xQCM+WrlrZKSOpSJEsylVU+8=
github.com/aws/aws-sdk-go-v2/internal/configsources v1.4.19 h1:/sECfyq2JTifMI2JPyZ4bdRN77zJmr6SrS1eL3augIA=
github.com/aws/aws-sdk-go-v2/internal/configsources v1.4.19/go.mod h1:dMf8A5oAqr9/oxOfLkC/c2LU/uMcALP0Rgn2BD5LWn0=
github.com/aws/aws-sdk-go-v2/internal/endpoints/v2 v2.7.19 h1:AWeJMk33GTBf6J20XJe6qZoRSJo0WfUhsMdUKhoODXE=
github.com/aws/aws-sdk-go-v2/internal/endpoints/v2 v2.7.19/go.mod h1:+GWrYoaAsV7/4pNHpwh1kiNLXkKaSoppxQq9lbH8Ejw=
github.com/aws/aws-sdk-go-v2/internal/v4a v1.4.20 h1:qi3e/dmpdONhj1RyIZdi6DKKpDXS5Lb8ftr3p7cyHJc=
github.com/aws/aws-sdk-go-v2/internal/v4a v1.4.20/go.mod h1:V1K+TeJVD5JOk3D9e5tsX2KUdL7BlB+FV6cBhdobN8c=
github.com/aws/aws-sdk-go-v2/service/internal/accept-encoding v1.13.6 h1:XAq62tBTJP/85lFD5oqOOe7YYgWxY9LvWq8plyDvDVg=
github.com/aws/aws-sdk-go-v2/service/internal/accept-encoding v1.13.6/go.mod h1:x0nZssQ3qZSnIcePWLvcoFisRXJzcTVvYpAAdYX8+GI=
github.com/aws/aws-sdk-go-v2/service/internal/checksum v1.9.11 h1:BYf7XNsJMzl4mObARUBUib+j2tf0U//JAAtTnYqvqCw=
github.com/aws/aws-sdk-go-v2/service/internal/checksum v1.9.11/go.mod h1:aEUS4WrNk/+FxkBZZa7tVgp4pGH+kFGW40Y8rCPqt5g=
github.com/aws/aws-sdk-go-v2/service/internal/presigned-url v1.13.19 h1:X1Tow7suZk9UCJHE1Iw9GMZJJl0dAnKXXP1NaSDHwmw=
github.com/aws/aws-sdk-go-v2/service/internal/presigned-url v1.13.19/go.mod h1:/rARO8psX+4sfjUQXp5LLifjUt8DuATZ31WptNJTyQA=
github.com/aws/aws-sdk-go-v2/service/internal/s3shared v1.19.19 h1:JnQeStZvPHFHeyky/7LbMlyQjUa+jIBj36OlWm0pzIk=
github.com/aws/aws-sdk-go-v2/service/internal/s3shared v1.19.19/go.mod h1:HGyasyHvYdFQeJhvDHfH7HXkHh57htcJGKDZ+7z+I24=
github.com/aws/aws-sdk-go-v2/service/s3 v1.96.4 h1:4ExZyubQ6LQQVuF2Qp9OsfEvsTdAWh5Gfwf6PgIdLdk=
github.com/aws/aws-sdk-go-v2/service/s3 v1.96.4/go.mod h1:NF3JcMGOiARAss1ld3WGORCw71+4ExDD2cbbdKS5PpA=
github.com/aws/smithy-go v1.24.2 h1:FzA3bu/nt/vDvmnkg+R8Xl46gmzEDam6mZ1hzmwXFng=
github.com/aws/smithy-go v1.24.2/go.mod h1:YE2RhdIuDbA5E5bTdciG9KrW3+TiEONeUWCqxX9i1Fc=
github.com/bsm/ginkgo/v2 v2.12.0 h1:Ny8MWAHyOepLGlLKYmXG4IEkioBysk6GpaRTLC8zwWs=
github.com/bsm/ginkgo/v2 v2.12.0/go.mod h1:SwYbGRRDovPVboqFv0tPTcG1sN61LM1Z4ARdbAV9g4c=
github.com/bsm/gomega v1.27.10 h1:yeMWxP2pV2fG3FgAODIY8EiRE3dy0aeFYt4l7wh6yKA=
github.com/bsm/gomega v1.27.10/go.mod h1:JyEr/xRbxbtgWNi8tIEVPUYZ5Dzef52k01W3YH0H+O0=
github.com/cespare/xxhash/v2 v2.3.0 h1:UL815xU9SqsFlibzuggzjXhog7bL6oX9BbNZnL2UFvs=
github.com/cespare/xxhash/v2 v2.3.0/go.mod h1:VGX0DQ3Q6kWi7AoAeZDth3/j3BFtOZR5XLFGgcrjCOs=
github.com/davecgh/go-spew v1.1.1 h1:vj9j/u1bqnvCEfJOwUhtlOARqs3+rkHYY13jYWTU97c=
github.com/davecgh/go-spew v1.1.1/go.mod h1:J7Y8YcW2NihsgmVo/mv3lAwl/skON4iLHjSsI+c5H38=
github.com/dgryski/go-rendezvous v0.0.0-20200823014737-9f7001d12a5f h1:lO4WD4F/rVNCu3HqELle0jiPLLBs70cWOduZpkS1E78=
github.com/dgryski/go-rendezvous v0.0.0-20200823014737-9f7001d12a5f/go.mod h1:cuUVRXasLTGF7a8hSLbxyZXjz+1KgoB3wDUb6vlszIc=
github.com/google/uuid v1.6.0 h1:NIvaJDMOsjHA8n1jAhLSgzrAzy1Hgr+hNrb57e+94F0=
github.com/google/uuid v1.6.0/go.mod h1:TIyPZe4MgqvfeYDBFedMoGGpEw/LqOeaOT+nhxU+yHo=
github.com/gorilla/mux v1.8.1 h1:TuBL49tXwgrFYWhqrNgrUNEY92u81SPhu7sTdzQEiWY=
github.com/gorilla/mux v1.8.1/go.mod h1:AKf9I4AEqPTmMytcMc0KkNouC66V3BtZ4qD5fmWSiMQ=
github.com/lib/pq v1.11.1 h1:wuChtj2hfsGmmx3nf1m7xC2XpK6OtelS2shMY+bGMtI=
github.com/lib/pq v1.11.1/go.mod h1:/p+8NSbOcwzAEI7wiMXFlgydTwcgTr3OSKMsD2BitpA=
github.com/pmezard/go-difflib v1.0.0 h1:4DBwDE0NGyQoBHbLQYPwSUPoCMWR5BEzIk/f1lZbAQM=
github.com/pmezard/go-difflib v1.0.0/go.mod h1:iKH77koFhYxTK1pcRnkKkqfTogsbg7gZNVY4sRDYZ/4=
github.com/redis/go-redis/v9 v9.17.3 h1:fN29NdNrE17KttK5Ndf20buqfDZwGNgoUr9qjl1DQx4=
github.com/redis/go-redis/v9 v9.17.3/go.mod h1:u410H11HMLoB+TP67dz8rL9s6QW2j76l0//kSOd3370=
github.com/stretchr/testify v1.11.1 h1:7s2iGBzp5EwR7/aIZr8ao5+dra3wiQyKjjFuvgVKu7U=
github.com/stretchr/testify v1.11.1/go.mod h1:wZwfW3scLgRK+23gO65QZefKpKQRnfz6sD981Nm4B6U=
golang.org/x/crypto v0.9.0 h1:LF6fAI+IutBocDJ2OT0Q1g8plpYljMZ4+lty+dsqw3g=
golang.org/x/crypto v0.9.0/go.mod h1:yrmDGqONDYtNj3tH8X9dzUun2m2lzPa9ngI6/RUPGR0=
gopkg.in/check.v1 v0.0.0-20161208181325-20d25e280405 h1:yhCVgyC4o1eVCa2tZl7eS0r+SDo693bJlVdllGtEeKM=
gopkg.in/check.v1 v0.0.0-20161208181325-20d25e280405/go.mod h1:Co6ibVJAznAaIkqp8huTwlJQCZ016jof/cbN4VW5Yz0=
gopkg.in/yaml.v3 v3.0.1 h1:fxVm/GzAzEWqLHuvctI91KS9hhNmmWOoWu0XTYJS7CA=
gopkg.in/yaml.v3 v3.0.1/go.mod h1:K4uyk7z7BCEPqu6E+C64Yfv1cQ7kz7rIZviUmN+EgEM=
